<?xml version="1.0" encoding="utf-8"?>
<Project ToolsVersion="4.0" xmlns="http://schemas.microsoft.com/developer/msbuild/2003">
  <ItemGroup>
    <Filter Include="Essential">
      <UniqueIdentifier>{63a9bd15-d8e1-42cc-8e58-7810bbe9bde5}</UniqueIdentifier>
    </Filter>
    <Filter Include="Application">
      <UniqueIdentifier>{0dec1c24-a800-462c-b567-f3efd305fac6}</UniqueIdentifier>
    </Filter>
    <Filter Include="Application\Lane">
      <UniqueIdentifier>{8db313fb-adad-492f-a52d-78f42409e5cf}</UniqueIdentifier>
    </Filter>
    <Filter Include="Application\Note">
      <UniqueIdentifier>{2ef44d65-e297-41f8-9366-f1dedf552e5a}</UniqueIdentifier>
    </Filter>
    <Filter Include="Application\Input">
      <UniqueIdentifier>{3ad8ebcf-5d40-4839-be37-72693e4efbaa}</UniqueIdentifier>
    </Filter>
    <Filter Include="Application\BeatManager">
      <UniqueIdentifier>{9ad010fc-e9bf-47bb-80d3-07a75d91c4b5}</UniqueIdentifier>
    </Filter>
    <Filter Include="Application\BeatMapLoader">
      <UniqueIdentifier>{22209b8d-cf6c-4276-8a03-28c097c8a183}</UniqueIdentifier>
    </Filter>
    <Filter Include="Application\BeatMapEditor">
      <UniqueIdentifier>{42d12039-f238-4928-b0c9-82f58e97bf2d}</UniqueIdentifier>
    </Filter>
    <Filter Include="Application\BeatMapEditor\LiveMapping">
      <UniqueIdentifier>{83c39ab7-9b96-4399-95d0-f76404b6a61d}</UniqueIdentifier>
    </Filter>
    <Filter Include="Application\Core">
      <UniqueIdentifier>{46caf4df-5c0f-4b24-bcd4-fe67a832479f}</UniqueIdentifier>
    </Filter>
    <Filter Include="Application\FeedBack">
      <UniqueIdentifier>{15913ee5-bced-4b13-9693-e57cfca2a57f}</UniqueIdentifier>
    </Filter>
    <Filter Include="Application\BeatMapEditor\BPMCounter">
      <UniqueIdentifier>{8d1b859e-d15f-4c03-8e79-72e0bc68b5ae}</UniqueIdentifier>
    </Filter>
    <Filter Include="Application\BeatMapEditor\Command">
      <UniqueIdentifier>{a4cdee18-3ed8-4f63-8471-4cf980f84c4a}</UniqueIdentifier>
    </Filter>
    <Filter Include="Application\BeatMapEditor\Command\Core">
      <UniqueIdentifier>{7dc5343b-ca7f-453f-af53-f9fc2b9d8298}</UniqueIdentifier>
    </Filter>
    <Filter Include="Application\Environment">
      <UniqueIdentifier>{3270d924-6385-41eb-a1e7-adc5b2108b38}</UniqueIdentifier>
    </Filter>
    <Filter Include="Application\Result">
      <UniqueIdentifier>{e8f93c9b-9596-4e37-bf76-9fc7d4f79075}</UniqueIdentifier>
    </Filter>
    <Filter Include="Application\Result\Combo">
      <UniqueIdentifier>{2011a953-d490-40cc-b885-03ca2c69f81c}</UniqueIdentifier>
    </Filter>
    <Filter Include="Application\Result\Judge">
      <UniqueIdentifier>{c7db6b80-829a-4785-839a-06cd65fe6f5c}</UniqueIdentifier>
    </Filter>
    <Filter Include="Application\Result\Score">
      <UniqueIdentifier>{e9b0c341-6a49-49f5-a30c-c6e8b68d119d}</UniqueIdentifier>
    </Filter>
    <Filter Include="Application\GameUI">
      <UniqueIdentifier>{13c5d4ef-a997-4fc9-94e7-0c3ea5aadc0d}</UniqueIdentifier>
    </Filter>
    <Filter Include="Application\FeedBack\MissedVignette">
      <UniqueIdentifier>{c684dc34-a1f7-469e-b109-12b541e03171}</UniqueIdentifier>
    </Filter>
    <Filter Include="Application\FeedBack\Judge">
      <UniqueIdentifier>{ac6102ff-aa48-411e-9d58-217845cd0043}</UniqueIdentifier>
    </Filter>
    <Filter Include="Application\FeedBack\Judge\Effect">
      <UniqueIdentifier>{65add205-d443-47ac-99fc-3ea6b04894b7}</UniqueIdentifier>
    </Filter>
    <Filter Include="Application\FeedBack\Judge\Sound">
      <UniqueIdentifier>{657fcfb3-623c-44e3-b1bc-d0b9cc00f822}</UniqueIdentifier>
    </Filter>
    <Filter Include="Application\FeedBack\Judge\Text">
      <UniqueIdentifier>{36b0ddf2-e0a1-4bb5-8294-02092c09ea62}</UniqueIdentifier>
    </Filter>
    <Filter Include="Application\FeedBack\Tap">
      <UniqueIdentifier>{99978e57-8bad-41ac-ad36-02a7eab374e2}</UniqueIdentifier>
    </Filter>
    <Filter Include="Application\FeedBack\Tap\LaneEffect">
      <UniqueIdentifier>{8d76655d-dae6-4ce7-b884-14bd6cb43774}</UniqueIdentifier>
    </Filter>
    <Filter Include="Application\FeedBack\Effect">
      <UniqueIdentifier>{a527790c-6254-4efe-a512-825a566507de}</UniqueIdentifier>
    </Filter>
    <Filter Include="Application\FeedBack\Tap\Effect">
      <UniqueIdentifier>{1becb388-379b-4a7f-a968-049ec8f0f527}</UniqueIdentifier>
    </Filter>
    <Filter Include="Application\PauseMenu">
      <UniqueIdentifier>{b4266859-983c-4c23-8e9a-9e38136c7b61}</UniqueIdentifier>
    </Filter>
    <Filter Include="Application\GameMusic">
      <UniqueIdentifier>{7ce16ede-d359-462b-bc37-f072ab67e581}</UniqueIdentifier>
    </Filter>
    <Filter Include="Application\SettingMenu">
      <UniqueIdentifier>{6752cdaf-b07e-43c2-98b6-8753d3721937}</UniqueIdentifier>
    </Filter>
    <Filter Include="Application\Setting">
      <UniqueIdentifier>{3197d65e-9e27-4a11-b4a4-1bb8ad312bbc}</UniqueIdentifier>
    </Filter>
    <Filter Include="Application\FeedBack\Effect\Speaker">
      <UniqueIdentifier>{a918a9b5-dc70-4d6a-8a2f-17d6f572ac4c}</UniqueIdentifier>
    </Filter>
    <Filter Include="Application\OptionMenu">
      <UniqueIdentifier>{87155632-38d6-44b4-8ca1-719a77c6d3c0}</UniqueIdentifier>
    </Filter>
    <Filter Include="Application\SpectrumRing">
      <UniqueIdentifier>{551460db-cd58-4510-a293-db026b2598be}</UniqueIdentifier>
    </Filter>
    <Filter Include="Application\Judge">
      <UniqueIdentifier>{a73bc968-3077-4492-9411-9cafd32a5298}</UniqueIdentifier>
    </Filter>
    <Filter Include="Application\Scene">
      <UniqueIdentifier>{6ff9434d-5779-4bf7-92c0-840b550980a2}</UniqueIdentifier>
    </Filter>
    <Filter Include="Application\Scene\SceneTransition">
      <UniqueIdentifier>{30c8c9a1-4a23-4e0e-99d2-b0dd0e1f73b5}</UniqueIdentifier>
    </Filter>
    <Filter Include="Application\Scene\Data">
      <UniqueIdentifier>{b70322d9-5112-44a6-ac87-505f780bc756}</UniqueIdentifier>
    </Filter>
    <Filter Include="Application\TitleCamera">
      <UniqueIdentifier>{cf37f00d-9f3d-4856-8a4d-e13d0325a81d}</UniqueIdentifier>
    </Filter>
    <Filter Include="Application\BeatMapEditor\Renderer">
      <UniqueIdentifier>{d73104ad-f74f-4845-9a94-0d7555e13222}</UniqueIdentifier>
    </Filter>
    <Filter Include="Application\HexagonGrid">
      <UniqueIdentifier>{3d6932f3-4626-4828-aa7c-2c22c0ffcb65}</UniqueIdentifier>
    </Filter>
    <Filter Include="Application\Environment\EffectModifiers">
      <UniqueIdentifier>{f8b0cbaf-7add-44ed-9b8e-438fd2a0bd01}</UniqueIdentifier>
    </Filter>
    <Filter Include="Application\FeedBack\Effect\Holding">
      <UniqueIdentifier>{45c47236-7d29-4fc8-ac15-2b05cd2c3d1c}</UniqueIdentifier>
    </Filter>
    <Filter Include="Application\FeedBack\ComboThresholds">
      <UniqueIdentifier>{1ea1208f-02e2-4497-8dc2-bf91ffd2f6ff}</UniqueIdentifier>
    </Filter>
    <Filter Include="Application\Core\ScoreCalc">
      <UniqueIdentifier>{de667c81-a7a0-4822-8477-11f218416307}</UniqueIdentifier>
    </Filter>
    <Filter Include="Application\ResultEffectFlow">
      <UniqueIdentifier>{53910a3d-fc09-4a62-959d-b1fb025745da}</UniqueIdentifier>
    </Filter>
    <Filter Include="Application\Result\UI">
      <UniqueIdentifier>{d745dc63-befd-417a-9be5-ce27bf844dd8}</UniqueIdentifier>
    </Filter>
    <Filter Include="Application\Result\ModelEffect">
      <UniqueIdentifier>{3df1ef36-bde7-4873-aef3-8c236db870f4}</UniqueIdentifier>
    </Filter>
    <Filter Include="Application\Select">
      <UniqueIdentifier>{f486e16c-15d4-478d-8d17-93844dbbd7eb}</UniqueIdentifier>
    </Filter>
    <Filter Include="Application\MusicList">
      <UniqueIdentifier>{badb0e31-e06d-42de-90f6-8576993b1df7}</UniqueIdentifier>
    </Filter>
  </ItemGroup>
  <ItemGroup>
    <ClCompile Include="main.cpp" />
    <ClCompile Include="Source\Essential\SampleFramework.cpp">
      <Filter>Essential</Filter>
    </ClCompile>
    <ClCompile Include="Source\Essential\SampleScene.cpp">
      <Filter>Essential</Filter>
    </ClCompile>
    <ClCompile Include="Source\Essential\SceneFactory.cpp">
      <Filter>Essential</Filter>
    </ClCompile>
    <ClCompile Include="Source\Application\Scene\GameScene.cpp">
      <Filter>Application\Scene</Filter>
    </ClCompile>
    <ClCompile Include="Source\Application\Note\Note.cpp">
      <Filter>Application\Note</Filter>
    </ClCompile>
    <ClCompile Include="Source\Application\Note\Judge\JudgeLine.cpp">
      <Filter>Application\Judge</Filter>
    </ClCompile>
    <ClCompile Include="Source\Application\Note\Judge\NoteJudge.cpp">
      <Filter>Application\Judge</Filter>
    </ClCompile>
    <ClCompile Include="Source\Application\Note\Judge\JudgeResult.cpp">
      <Filter>Application\Result\Judge</Filter>
    </ClCompile>
    <ClCompile Include="Source\Application\BeatsManager\BeatManager.cpp">
      <Filter>Application\BeatManager</Filter>
    </ClCompile>
    <ClCompile Include="Source\Application\BeatMapLoader\BeatMapLoader.cpp">
      <Filter>Application\BeatMapLoader</Filter>
    </ClCompile>
    <ClCompile Include="Source\Essential\ParticleModifierFactory.cpp">
      <Filter>Essential</Filter>
    </ClCompile>
    <ClCompile Include="Source\Application\Scene\TitleScene.cpp">
      <Filter>Application\Scene</Filter>
    </ClCompile>
    <ClCompile Include="Source\Application\Scene\SelectScene.cpp">
      <Filter>Application\Scene</Filter>
    </ClCompile>
    <ClCompile Include="Source\Application\Scene\ResultScene.cpp">
      <Filter>Application\Scene</Filter>
    </ClCompile>
    <ClCompile Include="Source\Application\BeatMapEditor\BeatMapEditor.cpp">
      <Filter>Application\BeatMapEditor</Filter>
    </ClCompile>
    <ClCompile Include="Source\Application\BeatMapEditor\EditorCoordinate.cpp">
      <Filter>Application\BeatMapEditor</Filter>
    </ClCompile>
    <ClCompile Include="Source\Application\BeatMapEditor\LiveMapping\LiveMapping.cpp">
      <Filter>Application\BeatMapEditor\LiveMapping</Filter>
    </ClCompile>
    <ClCompile Include="Source\Application\Input\GameInputManager.cpp">
      <Filter>Application\Input</Filter>
    </ClCompile>
    <ClCompile Include="Source\Application\Core\GameCore.cpp">
      <Filter>Application\Core</Filter>
    </ClCompile>
    <ClCompile Include="Source\Application\Lane\Lane.cpp">
      <Filter>Application\Lane</Filter>
    </ClCompile>
    <ClCompile Include="Source\Application\Scene\Transition\SceneTrans.cpp">
      <Filter>Application\Scene\SceneTransition</Filter>
    </ClCompile>
    <ClCompile Include="Source\Application\FeedBack\FeedbackEffect.cpp">
      <Filter>Application\FeedBack</Filter>
    </ClCompile>
    <ClCompile Include="Source\Application\BeatMapEditor\BPMCounter\TapBPMCounter.cpp">
      <Filter>Application\BeatMapEditor\BPMCounter</Filter>
    </ClCompile>
    <ClCompile Include="Source\Application\FeedBack\JudgeText\JudgeText.cpp">
      <Filter>Application\FeedBack\Judge\Text</Filter>
    </ClCompile>
    <ClCompile Include="Source\Application\Scene\EditorScene.cpp">
      <Filter>Application\Scene</Filter>
    </ClCompile>
    <ClCompile Include="Source\Application\GameEnvironment\GameEnvironment.cpp">
      <Filter>Application\Environment</Filter>
    </ClCompile>
    <ClCompile Include="Source\Application\FeedBack\JudgeEffect\JudgeEffect.cpp">
      <Filter>Application\FeedBack\Judge\Effect</Filter>
    </ClCompile>
    <ClCompile Include="Source\Application\Result\UI\ResultUI.cpp">
      <Filter>Application\Result\UI</Filter>
    </ClCompile>
    <ClCompile Include="Source\Application\Note\Judge\JudgeType.cpp">
      <Filter>Application\Judge</Filter>
    </ClCompile>
    <ClCompile Include="Source\Application\GameUI\GameUI.cpp">
      <Filter>Application\GameUI</Filter>
    </ClCompile>
    <ClCompile Include="Source\Application\FeedBack\MissedVignette\MissedVignette.cpp">
      <Filter>Application\FeedBack\MissedVignette</Filter>
    </ClCompile>
    <ClCompile Include="Source\Application\FeedBack\LaneEffect\LaneEffect.cpp">
      <Filter>Application\FeedBack\Tap\LaneEffect</Filter>
    </ClCompile>
    <ClCompile Include="Source\Application\Effects\TapEffects\TriggerEffects.cpp">
      <Filter>Application\FeedBack\Effect</Filter>
    </ClCompile>
    <ClCompile Include="Source\Application\BeatMapEditor\Command\ChangeHoldDurationCommand.cpp">
      <Filter>Application\BeatMapEditor\Command</Filter>
    </ClCompile>
    <ClCompile Include="Source\Application\BeatMapEditor\Command\DeleteNoteCommand.cpp">
      <Filter>Application\BeatMapEditor\Command</Filter>
    </ClCompile>
    <ClCompile Include="Source\Application\BeatMapEditor\Command\MoveNoteCommand.cpp">
      <Filter>Application\BeatMapEditor\Command</Filter>
    </ClCompile>
    <ClCompile Include="Source\Application\BeatMapEditor\Command\PasteCommand.cpp">
      <Filter>Application\BeatMapEditor\Command</Filter>
    </ClCompile>
    <ClCompile Include="Source\Application\BeatMapEditor\Command\PlaceNoteCommand.cpp">
      <Filter>Application\BeatMapEditor\Command</Filter>
    </ClCompile>
    <ClCompile Include="Source\Application\BeatMapEditor\Command\CommandHistory.cpp">
      <Filter>Application\BeatMapEditor\Command\Core</Filter>
    </ClCompile>
    <ClCompile Include="Source\Application\PauseMenu\PauseMenu.cpp">
      <Filter>Application\PauseMenu</Filter>
    </ClCompile>
    <ClCompile Include="Source\Application\GameMusic\GameMusic.cpp">
      <Filter>Application\GameMusic</Filter>
    </ClCompile>
    <ClCompile Include="Source\Application\Setting\Setting.cpp">
      <Filter>Application\Setting</Filter>
    </ClCompile>
    <ClCompile Include="Source\Application\Setting\SettingMenu.cpp">
      <Filter>Application\SettingMenu</Filter>
    </ClCompile>
    <ClCompile Include="Source\Application\GameEnvironment\SpeakerEffect.cpp">
      <Filter>Application\FeedBack\Effect\Speaker</Filter>
    </ClCompile>
    <ClCompile Include="Source\Application\GameEnvironment\BackgroundEffect.cpp">
      <Filter>Application\FeedBack\Effect\Speaker</Filter>
    </ClCompile>
    <ClCompile Include="Source\Application\FeedBack\HoldingEffect\NoteHoldEffect.cpp">
      <Filter>Application\FeedBack\Effect\Holding</Filter>
    </ClCompile>
    <ClCompile Include="Source\Application\Effects\TapEffects\HitparticleModifier.cpp">
      <Filter>Application\Environment\EffectModifiers</Filter>
    </ClCompile>
    <ClCompile Include="Source\Application\Effects\TapEffects\LightPillarModifier.cpp">
      <Filter>Application\Environment\EffectModifiers</Filter>
    </ClCompile>
    <ClCompile Include="Source\Application\Effects\Speaker\SpeakerEffectModifier.cpp">
      <Filter>Application\Environment\EffectModifiers</Filter>
    </ClCompile>
    <ClCompile Include="Source\Application\OptionMenu\OptionMenu.cpp">
      <Filter>Application\OptionMenu</Filter>
    </ClCompile>
    <ClCompile Include="Source\Application\Setting\Preview\SettingsPreviewPanel.cpp">
      <Filter>Application\SettingMenu</Filter>
    </ClCompile>
    <ClCompile Include="Source\Application\SpectrumRing\SpectrumRing.cpp">
      <Filter>Application\SpectrumRing</Filter>
    </ClCompile>
    <ClCompile Include="Source\Application\TitleUI.cpp">
      <Filter>Application</Filter>
    </ClCompile>
    <ClCompile Include="Source\Application\TitleCamera\TitleCamera.cpp">
      <Filter>Application\TitleCamera</Filter>
    </ClCompile>
    <ClCompile Include="Source\Application\BeatMapEditor\Render\EditorRenderer.cpp">
      <Filter>Application\BeatMapEditor\Renderer</Filter>
    </ClCompile>
    <ClCompile Include="Source\Application\BeatMapEditor\Render\GridRenderer.cpp">
      <Filter>Application\BeatMapEditor\Renderer</Filter>
    </ClCompile>
    <ClCompile Include="Source\Application\BeatMapEditor\Render\NoteRenderer.cpp">
      <Filter>Application\BeatMapEditor\Renderer</Filter>
    </ClCompile>
    <ClCompile Include="Source\Application\BeatMapEditor\Render\TimelineRenderer.cpp">
      <Filter>Application\BeatMapEditor\Renderer</Filter>
    </ClCompile>
    <ClCompile Include="Source\Application\BeatMapEditor\Render\EditorUIController.cpp">
      <Filter>Application\BeatMapEditor\Renderer</Filter>
    </ClCompile>
    <ClCompile Include="Source\Application\BeatMapEditor\Render\WaveformRenderer.cpp">
      <Filter>Application\BeatMapEditor\Renderer</Filter>
    </ClCompile>
    <ClCompile Include="Source\Application\BeatMapEditor\AudioController.cpp">
      <Filter>Application\BeatMapEditor</Filter>
    </ClCompile>
    <ClCompile Include="Source\Application\BeatMapEditor\BeatMapDocument.cpp">
      <Filter>Application\BeatMapEditor</Filter>
    </ClCompile>
    <ClCompile Include="Source\Application\BeatMapEditor\BeatMapFileManager.cpp">
      <Filter>Application\BeatMapEditor</Filter>
    </ClCompile>
    <ClCompile Include="Source\Application\BeatMapEditor\EditorInputHandler.cpp">
      <Filter>Application\BeatMapEditor</Filter>
    </ClCompile>
    <ClCompile Include="Source\Application\BeatMapEditor\EditorState.cpp">
      <Filter>Application\BeatMapEditor</Filter>
    </ClCompile>
    <ClCompile Include="Source\Application\HexagonGrid\HexagonGrid.cpp">
      <Filter>Application\HexagonGrid</Filter>
    </ClCompile>
    <ClCompile Include="Source\Application\Scene\LoadScene.cpp">
      <Filter>Application\Scene</Filter>
    </ClCompile>
    <ClCompile Include="Source\Application\FeedBack\SpeakerSeekEffect.cpp">
      <Filter>Application\FeedBack\Effect\Speaker</Filter>
    </ClCompile>
    <ClCompile Include="Source\Application\Lane\LaneOutline.cpp">
      <Filter>Application\Lane</Filter>
    </ClCompile>
    <ClCompile Include="Source\Application\FeedBack\TapEffect\TapEffect.cpp">
      <Filter>Application\FeedBack\Tap\Effect</Filter>
    </ClCompile>
    <ClCompile Include="Source\Application\FeedBack\ComboThresholds.cpp">
      <Filter>Application\FeedBack\ComboThresholds</Filter>
    </ClCompile>
    <ClCompile Include="Source\Application\FeedBack\LaneEdgePillar\LaneEdgeEffect.cpp">
      <Filter>Application\FeedBack\ComboThresholds</Filter>
    </ClCompile>
    <ClCompile Include="Source\Application\GameEnvironment\SpectrumBar.cpp">
      <Filter>Application\Environment</Filter>
    </ClCompile>
    <ClCompile Include="Source\Application\GameCompleteEffect.cpp">
      <Filter>Application</Filter>
    </ClCompile>
    <ClCompile Include="Source\Application\Core\ScoreCalc\ScoreCalculator.cpp">
      <Filter>Application\Core\ScoreCalc</Filter>
    </ClCompile>
    <ClCompile Include="Source\Application\Result\RankCalculator.cpp">
      <Filter>Application\Result</Filter>
    </ClCompile>
    <ClCompile Include="Source\Application\Result\ResultEffectFlow.cpp">
      <Filter>Application\Result</Filter>
    </ClCompile>
    <ClCompile Include="Source\Application\Result\ResultModelEffect.cpp">
      <Filter>Application\Result\ModelEffect</Filter>
    </ClCompile>
    <ClCompile Include="Source\Application\GameEnvironment\SpectrumFloor.cpp">
      <Filter>Application\Environment</Filter>
    </ClCompile>
    <ClCompile Include="Source\Application\FocusFrame.cpp">
      <Filter>Application</Filter>
    </ClCompile>
    <ClCompile Include="Source\Application\Select\SelectUI.cpp">
      <Filter>Application\Select</Filter>
    </ClCompile>
    <ClCompile Include="Source\Application\Select\musicSelectUI.cpp">
      <Filter>Application\Select</Filter>
    </ClCompile>
    <ClCompile Include="Source\Application\MusicList\MusicListManager.cpp">
      <Filter>Application\MusicList</Filter>
    </ClCompile>
    <ClCompile Include="Source\Application\Note\Judge\JudgeColor.cpp" />
    <ClCompile Include="Source\Application\Note\NoteDrawer.cpp" />
    <ClCompile Include="Source\Application\BeatMapEditor\AutoChartGenerator\autoChartGenerator.cpp" />
    <ClCompile Include="Source\Application\BeatMapEditor\Command\BatchInsertNotesCommand.cpp" />
  </ItemGroup>
  <ItemGroup>
    <ClInclude Include="Source\Essential\SampleFramework.h">
      <Filter>Essential</Filter>
    </ClInclude>
    <ClInclude Include="Source\Essential\SampleScene.h">
      <Filter>Essential</Filter>
    </ClInclude>
    <ClInclude Include="Source\Essential\SceneFactory.h">
      <Filter>Essential</Filter>
    </ClInclude>
    <ClInclude Include="Source\Application\Scene\GameScene.h">
      <Filter>Application\Scene</Filter>
    </ClInclude>
    <ClInclude Include="Source\Application\Note\Note.h">
      <Filter>Application\Note</Filter>
    </ClInclude>
    <ClInclude Include="Source\Application\Note\Judge\JudgeLine.h">
      <Filter>Application\Judge</Filter>
    </ClInclude>
    <ClInclude Include="Source\Application\Note\Judge\NoteJudge.h">
      <Filter>Application\Judge</Filter>
    </ClInclude>
    <ClInclude Include="Source\Application\Note\Judge\JudgeResult.h">
      <Filter>Application\Result\Judge</Filter>
    </ClInclude>
    <ClInclude Include="Source\Application\BeatsManager\BeatManager.h">
      <Filter>Application\BeatManager</Filter>
    </ClInclude>
    <ClInclude Include="Source\Application\BeatMapLoader\BeatMapLoader.h">
      <Filter>Application\BeatMapLoader</Filter>
    </ClInclude>
    <ClInclude Include="Source\Application\BeatMapLoader\BeatMapData.h">
      <Filter>Application\BeatMapLoader</Filter>
    </ClInclude>
    <ClInclude Include="Source\Essential\ParticleModifierFactory.h">
      <Filter>Essential</Filter>
    </ClInclude>
    <ClInclude Include="Source\Application\Scene\TitleScene.h">
      <Filter>Application\Scene</Filter>
    </ClInclude>
    <ClInclude Include="Source\Application\Scene\SelectScene.h">
      <Filter>Application\Scene</Filter>
    </ClInclude>
    <ClInclude Include="Source\Application\Scene\ResultScene.h">
      <Filter>Application\Scene</Filter>
    </ClInclude>
    <ClInclude Include="Source\Application\BeatMapEditor\EditorCoordinate.h">
      <Filter>Application\BeatMapEditor</Filter>
    </ClInclude>
    <ClInclude Include="Source\Application\BeatMapEditor\BeatMapEditor.h">
      <Filter>Application\BeatMapEditor</Filter>
    </ClInclude>
    <ClInclude Include="Source\Application\BeatMapEditor\LiveMapping\LiveMapping.h">
      <Filter>Application\BeatMapEditor\LiveMapping</Filter>
    </ClInclude>
    <ClInclude Include="Source\Application\Lane\Lane.h">
      <Filter>Application\Lane</Filter>
    </ClInclude>
    <ClInclude Include="Source\Application\Input\GameInputManager.h">
      <Filter>Application\Input</Filter>
    </ClInclude>
    <ClInclude Include="Source\Application\Core\GameCore.h">
      <Filter>Application\Core</Filter>
    </ClInclude>
    <ClInclude Include="Source\Application\Lane\Lane.h">
      <Filter>Application\Lane</Filter>
    </ClInclude>
    <ClInclude Include="Source\Application\Input\InputData.h">
      <Filter>Application\Input</Filter>
    </ClInclude>
    <ClInclude Include="Source\Application\Note\Judge\JudgeType.h">
      <Filter>Application\Judge</Filter>
    </ClInclude>
    <ClInclude Include="Source\Application\Note\NoteType.h">
      <Filter>Application\Note</Filter>
    </ClInclude>
    <ClInclude Include="Source\Application\Scene\Transition\SceneTrans.h">
      <Filter>Application\Scene\SceneTransition</Filter>
    </ClInclude>
    <ClInclude Include="Source\Application\FeedBack\FeedbackEffect.h">
      <Filter>Application\FeedBack</Filter>
    </ClInclude>
    <ClInclude Include="Source\Application\FeedBack\JudgeEffect\JudgeEffect.h">
      <Filter>Application\FeedBack\Judge\Effect</Filter>
    </ClInclude>
    <ClInclude Include="Source\Application\BeatMapEditor\BPMCounter\TapBPMCounter.h">
      <Filter>Application\BeatMapEditor\BPMCounter</Filter>
    </ClInclude>
    <ClInclude Include="Source\Application\FeedBack\JudgeText\JudgeText.h">
      <Filter>Application\FeedBack\Judge\Text</Filter>
    </ClInclude>
    <ClInclude Include="Source\Application\Scene\Data\SceneDatas.h">
      <Filter>Application\Scene\Data</Filter>
    </ClInclude>
    <ClInclude Include="Source\Application\Scene\EditorScene.h">
      <Filter>Application\Scene</Filter>
    </ClInclude>
    <ClInclude Include="Source\Application\GameEnvironment\GameEnvironment.h">
      <Filter>Application\Environment</Filter>
    </ClInclude>
    <ClInclude Include="Source\Application\Result\UI\ResultUI.h">
      <Filter>Application\Result\UI</Filter>
    </ClInclude>
    <ClInclude Include="Source\Application\GameUI\GameUI.h">
      <Filter>Application\GameUI</Filter>
    </ClInclude>
    <ClInclude Include="Source\Application\FeedBack\MissedVignette\MissedVignette.h">
      <Filter>Application\FeedBack\MissedVignette</Filter>
    </ClInclude>
    <ClInclude Include="Source\Application\FeedBack\LaneEffect\LaneEffect.h">
      <Filter>Application\FeedBack\Tap\LaneEffect</Filter>
    </ClInclude>
    <ClInclude Include="Source\Application\Effects\TapEffects\TriggerEffects.h">
      <Filter>Application\FeedBack\Effect</Filter>
    </ClInclude>
    <ClInclude Include="Source\Application\BeatMapEditor\Command\ChangeHoldDurationCommand.h">
      <Filter>Application\BeatMapEditor\Command</Filter>
    </ClInclude>
    <ClInclude Include="Source\Application\BeatMapEditor\Command\DeleteNoteCommand.h">
      <Filter>Application\BeatMapEditor\Command</Filter>
    </ClInclude>
    <ClInclude Include="Source\Application\BeatMapEditor\Command\MoveNoteCommand.h">
      <Filter>Application\BeatMapEditor\Command</Filter>
    </ClInclude>
    <ClInclude Include="Source\Application\BeatMapEditor\Command\PasteCommand.h">
      <Filter>Application\BeatMapEditor\Command</Filter>
    </ClInclude>
    <ClInclude Include="Source\Application\BeatMapEditor\Command\PlaceNoteCommand.h">
      <Filter>Application\BeatMapEditor\Command</Filter>
    </ClInclude>
    <ClInclude Include="Source\Application\BeatMapEditor\Command\ICommand.h">
      <Filter>Application\BeatMapEditor\Command\Core</Filter>
    </ClInclude>
    <ClInclude Include="Source\Application\BeatMapEditor\Command\CommandHistory.h">
      <Filter>Application\BeatMapEditor\Command\Core</Filter>
    </ClInclude>
    <ClInclude Include="Source\Application\PauseMenu\PauseMenu.h">
      <Filter>Application\PauseMenu</Filter>
    </ClInclude>
    <ClInclude Include="Source\Application\GameMusic\GameMusic.h">
      <Filter>Application\GameMusic</Filter>
    </ClInclude>
    <ClInclude Include="Source\Application\Setting\Setting.h">
      <Filter>Application\Setting</Filter>
    </ClInclude>
    <ClInclude Include="Source\Application\Setting\SettingMenu.h">
      <Filter>Application\SettingMenu</Filter>
    </ClInclude>
    <ClInclude Include="Source\Application\GameEnvironment\SpeakerEffect.h">
      <Filter>Application\FeedBack\Effect\Speaker</Filter>
    </ClInclude>
    <ClInclude Include="Source\Application\GameEnvironment\BackgroundEffect.h">
      <Filter>Application\FeedBack\Effect\Speaker</Filter>
    </ClInclude>
    <ClInclude Include="Source\Application\FeedBack\HoldingEffect\NoteHoldEffect.h">
      <Filter>Application\FeedBack\Effect\Holding</Filter>
    </ClInclude>
    <ClInclude Include="Source\Application\Effects\TapEffects\HitparticleModifier.h">
      <Filter>Application\Environment\EffectModifiers</Filter>
    </ClInclude>
    <ClInclude Include="Source\Application\Effects\TapEffects\LightPillarModifier.h">
      <Filter>Application\Environment\EffectModifiers</Filter>
    </ClInclude>
    <ClInclude Include="Source\Application\Effects\Speaker\SpeakerEffectModifier.h">
      <Filter>Application\Environment\EffectModifiers</Filter>
    </ClInclude>
    <ClInclude Include="Source\Application\OptionMenu\OptionMenu.h">
      <Filter>Application\OptionMenu</Filter>
    </ClInclude>
    <ClInclude Include="Source\Application\Setting\Preview\SettingsPreviewPanel.h">
      <Filter>Application\SettingMenu</Filter>
    </ClInclude>
    <ClInclude Include="Source\Application\SpectrumRing\SpectrumRing.h">
      <Filter>Application\SpectrumRing</Filter>
    </ClInclude>
    <ClInclude Include="Source\Application\TitleUI.h">
      <Filter>Application</Filter>
    </ClInclude>
    <ClInclude Include="Source\Application\BeatMapEditor\Render\EditorRenderer.h">
      <Filter>Application\BeatMapEditor\Renderer</Filter>
    </ClInclude>
    <ClInclude Include="Source\Application\BeatMapEditor\Render\GridRenderer.h">
      <Filter>Application\BeatMapEditor\Renderer</Filter>
    </ClInclude>
    <ClInclude Include="Source\Application\BeatMapEditor\Render\NoteRenderer.h">
      <Filter>Application\BeatMapEditor\Renderer</Filter>
    </ClInclude>
    <ClInclude Include="Source\Application\BeatMapEditor\Render\TimelineRenderer.h">
      <Filter>Application\BeatMapEditor\Renderer</Filter>
    </ClInclude>
    <ClInclude Include="Source\Application\BeatMapEditor\Render\EditorUIController.h">
      <Filter>Application\BeatMapEditor\Renderer</Filter>
    </ClInclude>
    <ClInclude Include="Source\Application\BeatMapEditor\Render\WaveformRenderer.h">
      <Filter>Application\BeatMapEditor\Renderer</Filter>
    </ClInclude>
    <ClInclude Include="Source\Application\BeatMapEditor\AudioController.h">
      <Filter>Application\BeatMapEditor</Filter>
    </ClInclude>
    <ClInclude Include="Source\Application\BeatMapEditor\BeatMapDocument.h">
      <Filter>Application\BeatMapEditor</Filter>
    </ClInclude>
    <ClInclude Include="Source\Application\BeatMapEditor\BeatMapFileManager.h">
      <Filter>Application\BeatMapEditor</Filter>
    </ClInclude>
    <ClInclude Include="Source\Application\BeatMapEditor\EditorInputHandler.h">
      <Filter>Application\BeatMapEditor</Filter>
    </ClInclude>
    <ClInclude Include="Source\Application\BeatMapEditor\EditorState.h">
      <Filter>Application\BeatMapEditor</Filter>
    </ClInclude>
    <ClInclude Include="Source\Application\HexagonGrid\HexagonGrid.h">
      <Filter>Application\HexagonGrid</Filter>
    </ClInclude>
    <ClInclude Include="Source\Application\Scene\LoadScene.h">
      <Filter>Application\Scene</Filter>
    </ClInclude>
    <ClInclude Include="Source\Application\FeedBack\SpeakerSeekEffect.h">
      <Filter>Application\FeedBack\Effect\Speaker</Filter>
    </ClInclude>
    <ClInclude Include="Source\Application\FeedBack\TapEffect\TapEffect.h">
      <Filter>Application\FeedBack\Tap\Effect</Filter>
    </ClInclude>
    <ClInclude Include="Source\Application\FeedBack\LaneEdgePillar\LaneEdgeEffect.h">
      <Filter>Application\FeedBack\ComboThresholds</Filter>
    </ClInclude>
    <ClInclude Include="Source\Application\GameEnvironment\SpectrumBar.h">
      <Filter>Application\Environment</Filter>
    </ClInclude>
    <ClInclude Include="Source\Application\GameCompleteEffect.h">
      <Filter>Application</Filter>
    </ClInclude>
    <ClInclude Include="Source\Application\Core\ScoreCalc\ScoreCalculator.h">
      <Filter>Application\Core\ScoreCalc</Filter>
    </ClInclude>
    <ClInclude Include="Source\Application\FocusFrame.h">
      <Filter>Application</Filter>
    </ClInclude>
    <ClInclude Include="Source\Application\GameEnvironment\SpectrumFloor.h">
      <Filter>Application\Environment</Filter>
    </ClInclude>
    <ClInclude Include="Source\Application\Result\ResultModelEffect.h">
      <Filter>Application\Result\ModelEffect</Filter>
    </ClInclude>
    <ClInclude Include="Source\Application\Result\ResultEffectFlow.h">
      <Filter>Application\Result</Filter>
    </ClInclude>
    <ClInclude Include="Source\Application\Result\ResultData.h">
      <Filter>Application\Result</Filter>
    </ClInclude>
    <ClInclude Include="Source\Application\Select\SelectUI.h">
      <Filter>Application\Select</Filter>
    </ClInclude>
    <ClInclude Include="Source\Application\Select\musicSelectUI.h">
      <Filter>Application\Select</Filter>
    </ClInclude>
    <ClInclude Include="Source\Application\MusicList\MusicMetaData.h">
      <Filter>Application\MusicList</Filter>
    </ClInclude>
    <ClInclude Include="Source\Application\MusicList\MusicListManager.h">
      <Filter>Application\MusicList</Filter>
    </ClInclude>
    <ClInclude Include="Source\Application\EventData\PauseActionData.h" />
    <ClInclude Include="Source\Application\TitleCamera\TitleCamera.h">
      <Filter>Application\TitleCamera</Filter>
    </ClInclude>
    <ClInclude Include="Source\Application\BGMChangeEventData.h" />
    <ClInclude Include="Source\Application\Note\NoteDrawer.h" />
    <ClInclude Include="Source\Application\BeatMapEditor\AutoChartGenerator\autoChartGenerator.h" />
    <ClInclude Include="Source\Application\BeatMapEditor\Command\BatchInsertNotesCommand.h" />
  </ItemGroup>
  <ItemGroup>
    <None Include=".editorconfig" />
    <None Include="Source\Application\FeedBack\ComboThresholds.h">
      <Filter>Application\FeedBack\ComboThresholds</Filter>
    </None>
  </ItemGroup>
  <ItemGroup>
    <Text Include="Source\Application\Lane\LaneOutline.h">
      <Filter>Application\Lane</Filter>
    </Text>
    <Text Include="Source\Application\Result\RankCalculator.h">
      <Filter>Application\Result</Filter>
    </Text>
  </ItemGroup>
</Project>